
Microsoft Visual Studio Solution File, Format Version 12.00
# Visual Studio 15
VisualStudioVersion = 15.0.26430.14
MinimumVisualStudioVersion = 10.0.40219.1
Project("{FAE04EC0-301F-11D3-BF4B-00C04F79EFBC}") = "OpenXmlWordHelper", "OpenXmlWordHelper\OpenXmlWordHelper.csproj", "{7EEA76A5-EB47-42AF-A082-F23A086EBE03}"
EndProject
Project("{FAE04EC0-301F-11D3-BF4B-00C04F79EFBC}") = "UnitTestProject1", "UnitTestProject1\UnitTestProject1.csproj", "{380441B2-F847-4315-ADA0-40FE9BD6E902}"
EndProject
Global
	GlobalSection(SolutionConfigurationPlatforms) = preSolution
		Debug|Any CPU = Debug|Any CPU
		Release|Any CPU = Release|Any CPU
	EndGlobalSection
	GlobalSection(ProjectConfigurationPlatforms) = postSolution
		{7EEA76A5-EB47-42AF-A082-F23A086EBE03}.Debug|Any CPU.ActiveCfg = Debug|Any CPU
		{7EEA76A5-EB47-42AF-A082-F23A086EBE03}.Debug|Any CPU.Build.0 = Debug|Any CPU
		{7EEA76A5-EB47-42AF-A082-F23A086EBE03}.Release|Any CPU.ActiveCfg = Release|Any CPU
		{7EEA76A5-EB47-42AF-A082-F23A086EBE03}.Release|Any CPU.Build.0 = Release|Any CPU
		{380441B2-F847-4315-ADA0-40FE9BD6E902}.Debug|Any CPU.ActiveCfg = Debug|Any CPU
		{380441B2-F847-4315-ADA0-40FE9BD6E902}.Debug|Any CPU.Build.0 = Debug|Any CPU
		{380441B2-F847-4315-ADA0-40FE9BD6E902}.Release|Any CPU.ActiveCfg = Release|Any CPU
		{380441B2-F847-4315-ADA0-40FE9BD6E902}.Release|Any CPU.Build.0 = Release|Any CPU
	EndGlobalSection
	GlobalSection(SolutionProperties) = preSolution
		HideSolutionNode = FALSE
	EndGlobalSection
EndGlobal
